// !$*UTF8*$!
{
	archiveVersion = 1;
	classes = {
	};
	objectVersion = 77;
	objects = {

/* Begin PBXBuildFile section */
		0A06C44105152B555E445F6F /* RoomCaptureContainer.swift in Sources */ = {isa = PBXBuildFile; fileRef = 99D4B9AED6DDE3166241BB6B /* RoomCaptureContainer.swift */; };
		106CF645819C590D42DEE4A4 /* BuildingGraphBuilder.swift in Sources */ = {isa = PBXBuildFile; fileRef = E29E88E5B04957510F7EA085 /* BuildingGraphBuilder.swift */; };
		1C606C80E3C3AEBEF96BB83A /* FirebaseFirestore in Frameworks */ = {isa = PBXBuildFile; productRef = 3AACA028C1AF5D77E1711FCC /* FirebaseFirestore */; };
		1FB7C7FEBE7B5FB5D37601B5 /* FirebaseDataRepository.swift in Sources */ = {isa = PBXBuildFile; fileRef = 91ACB86ADB606FF64E86368B /* FirebaseDataRepository.swift */; };
		20F76C467B202E5DF01189B1 /* FirebaseModels.swift in Sources */ = {isa = PBXBuildFile; fileRef = C4D827387048369EEAE055B7 /* FirebaseModels.swift */; };
		22CB87D1180DF3A6A6BE08BC /* FirebaseAuth in Frameworks */ = {isa = PBXBuildFile; productRef = 5FDB8C71CF92983827A5636F /* FirebaseAuth */; };
		2D02A7996D451673FD6292BD /* NavigationModels.swift in Sources */ = {isa = PBXBuildFile; fileRef = 6D440F1C28719F9733CB931B /* NavigationModels.swift */; };
		2D03FEE4307B9BA40AB4988C /* GoogleService-Info.plist in Resources */ = {isa = PBXBuildFile; fileRef = 08AE56EC505D125D2438FCB2 /* GoogleService-Info.plist */; };
		3FECBE80805A7440F6A4C8B8 /* NavigationFileCacheTests.swift in Sources */ = {isa = PBXBuildFile; fileRef = 689A113367066A5B0CBDA816 /* NavigationFileCacheTests.swift */; };
		541F20659AF051D63F8C34D8 /* RoomPlanScanExtractor.swift in Sources */ = {isa = PBXBuildFile; fileRef = 5C1810273BDA8AF33F72C508 /* RoomPlanScanExtractor.swift */; };
		A7C3E91F2B4D5E6F70819203 /* SurfaceColorCapture.swift in Sources */ = {isa = PBXBuildFile; fileRef = A7C3E91F2B4D5E6F70819204 /* SurfaceColorCapture.swift */; };
		61770C565FA848405823A808 /* StairZones.swift in Sources */ = {isa = PBXBuildFile; fileRef = 835CEE17A191B42BCF3DE668 /* StairZones.swift */; };
		6D2E9C1ADCB9B1FA07EFA596 /* FirebaseCore in Frameworks */ = {isa = PBXBuildFile; productRef = 1DF0A16D504843C4278D0B87 /* FirebaseCore */; };
		6ED8806A7F5C62CA278780A6 /* FirebaseModelsTests.swift in Sources */ = {isa = PBXBuildFile; fileRef = 2505E055555618BFB65FBE74 /* FirebaseModelsTests.swift */; };
		6F47328752E6F8C59C253480 /* FirebaseConnectionView.swift in Sources */ = {isa = PBXBuildFile; fileRef = 1C3D4151438BA4F447447710 /* FirebaseConnectionView.swift */; };
		73D3CA2B931E59800C8B8061 /* FirebaseBootstrap.swift in Sources */ = {isa = PBXBuildFile; fileRef = 37865E09DF2725742DB2E99E /* FirebaseBootstrap.swift */; };
		77269F2C0B9A8611D868F688 /* NavigationFileCache.swift in Sources */ = {isa = PBXBuildFile; fileRef = EC5EFF27B6A0FC8D9A92A79D /* NavigationFileCache.swift */; };
		8102E37CD7E2FCC3E27760B6 /* POCPackageExporter.swift in Sources */ = {isa = PBXBuildFile; fileRef = 1AB42D1F440436D04AB80409 /* POCPackageExporter.swift */; };
		8C6F595ECF77D1D4E37826D6 /* ContentView.swift in Sources */ = {isa = PBXBuildFile; fileRef = E1D7DCCD6040C6F9E98B0D2A /* ContentView.swift */; };
		94921150B67B0E6EE3FB799C /* MapperViewModel.swift in Sources */ = {isa = PBXBuildFile; fileRef = D8347DA1557345E040D2FA42 /* MapperViewModel.swift */; };
		9546AE9215D9D2C6B3512618 /* FirebaseStoragePathsTests.swift in Sources */ = {isa = PBXBuildFile; fileRef = F451C51052FBE715F12ADAAB /* FirebaseStoragePathsTests.swift */; };
		9F404F6AE54F7FA4C5D1C488 /* FirebaseDiagnosticsViewModel.swift in Sources */ = {isa = PBXBuildFile; fileRef = EB6F2AC5B0FD1CB36020899F /* FirebaseDiagnosticsViewModel.swift */; };
		B44AEA9378BF26AC2C9B2843 /* FirebaseDataError.swift in Sources */ = {isa = PBXBuildFile; fileRef = 81A30FE85C0D530BDB17A0FB /* FirebaseDataError.swift */; };
		B94D7AD17FE8F7769BC8FE4D /* ScanMinimap.swift in Sources */ = {isa = PBXBuildFile; fileRef = B5295C8E4FB754154E6BD91A /* ScanMinimap.swift */; };
		CB6E7724F62CE73F33BDCB2B /* FirebaseFirestore in Frameworks */ = {isa = PBXBuildFile; productRef = 0D2E5B8845E0C57FB4607372 /* FirebaseFirestore */; };
		E4D0995FEAC9F6DA2641D966 /* FirebaseStorage in Frameworks */ = {isa = PBXBuildFile; productRef = 0EE55C11AA7DD4B19B0AB40B /* FirebaseStorage */; };
		E5B0EE8BFADA89D82419742D /* RoomPlanVisibilityGraph.swift in Sources */ = {isa = PBXBuildFile; fileRef = C5847A14C25A4071F5D257E0 /* RoomPlanVisibilityGraph.swift */; };
		F3089579CC30875CC04D23B2 /* FirebaseStoragePaths.swift in Sources */ = {isa = PBXBuildFile; fileRef = CBD65EB9C58042936F0E3342 /* FirebaseStoragePaths.swift */; };
		F4869638EB5F3AB8662323B3 /* GnarlyMapperApp.swift in Sources */ = {isa = PBXBuildFile; fileRef = 63F7D01718D08E6FAB465472 /* GnarlyMapperApp.swift */; };
		F522136BDE4675AA61905C9D /* FirebaseAuthSession.swift in Sources */ = {isa = PBXBuildFile; fileRef = FF87955CE6DF0975E926FC70 /* FirebaseAuthSession.swift */; };
/* End PBXBuildFile section */

/* Begin PBXContainerItemProxy section */
		53A0AB5EB63FE07F7723F151 /* PBXContainerItemProxy */ = {
			isa = PBXContainerItemProxy;
			containerPortal = 245915831862D85D562015E6 /* Project object */;
			proxyType = 1;
			remoteGlobalIDString = 0106C645E108D0FA124A3102;
			remoteInfo = GnarlyMapper;
		};
/* End PBXContainerItemProxy section */

/* Begin PBXFileReference section */
		0127B0AED13A0DCD415DE987 /* Info.plist */ = {isa = PBXFileReference; lastKnownFileType = text.plist; path = Info.plist; sourceTree = "<group>"; };
		07514BC3DC3CE1EA0ADBED80 /* GnarlyMapper.entitlements */ = {isa = PBXFileReference; lastKnownFileType = text.plist.entitlements; path = GnarlyMapper.entitlements; sourceTree = "<group>"; };
		08AE56EC505D125D2438FCB2 /* GoogleService-Info.plist */ = {isa = PBXFileReference; lastKnownFileType = text.plist; path = "GoogleService-Info.plist"; sourceTree = "<group>"; };
		1AB42D1F440436D04AB80409 /* POCPackageExporter.swift */ = {isa = PBXFileReference; lastKnownFileType = sourcecode.swift; path = POCPackageExporter.swift; sourceTree = "<group>"; };
		1C3D4151438BA4F447447710 /* FirebaseConnectionView.swift */ = {isa = PBXFileReference; lastKnownFileType = sourcecode.swift; path = FirebaseConnectionView.swift; sourceTree = "<group>"; };
		2505E055555618BFB65FBE74 /* FirebaseModelsTests.swift */ = {isa = PBXFileReference; lastKnownFileType = sourcecode.swift; path = FirebaseModelsTests.swift; sourceTree = "<group>"; };
		37865E09DF2725742DB2E99E /* FirebaseBootstrap.swift */ = {isa = PBXFileReference; lastKnownFileType = sourcecode.swift; path = FirebaseBootstrap.swift; sourceTree = "<group>"; };
		4055DB21B650F77F86CC0387 /* GnarlyMapper.app */ = {isa = PBXFileReference; explicitFileType = wrapper.application; includeInIndex = 0; path = GnarlyMapper.app; sourceTree = BUILT_PRODUCTS_DIR; };
		5C1810273BDA8AF33F72C508 /* RoomPlanScanExtractor.swift */ = {isa = PBXFileReference; lastKnownFileType = sourcecode.swift; path = RoomPlanScanExtractor.swift; sourceTree = "<group>"; };
		A7C3E91F2B4D5E6F70819204 /* SurfaceColorCapture.swift */ = {isa = PBXFileReference; lastKnownFileType = sourcecode.swift; path = SurfaceColorCapture.swift; sourceTree = "<group>"; };
		63F7D01718D08E6FAB465472 /* GnarlyMapperApp.swift */ = {isa = PBXFileReference; lastKnownFileType = sourcecode.swift; path = GnarlyMapperApp.swift; sourceTree = "<group>"; };
		689A113367066A5B0CBDA816 /* NavigationFileCacheTests.swift */ = {isa = PBXFileReference; lastKnownFileType = sourcecode.swift; path = NavigationFileCacheTests.swift; sourceTree = "<group>"; };
		6D440F1C28719F9733CB931B /* NavigationModels.swift */ = {isa = PBXFileReference; lastKnownFileType = sourcecode.swift; path = NavigationModels.swift; sourceTree = "<group>"; };
		81A30FE85C0D530BDB17A0FB /* FirebaseDataError.swift */ = {isa = PBXFileReference; lastKnownFileType = sourcecode.swift; path = FirebaseDataError.swift; sourceTree = "<group>"; };
		835CEE17A191B42BCF3DE668 /* StairZones.swift */ = {isa = PBXFileReference; lastKnownFileType = sourcecode.swift; path = StairZones.swift; sourceTree = "<group>"; };
		91ACB86ADB606FF64E86368B /* FirebaseDataRepository.swift */ = {isa = PBXFileReference; lastKnownFileType = sourcecode.swift; path = FirebaseDataRepository.swift; sourceTree = "<group>"; };
		99D4B9AED6DDE3166241BB6B /* RoomCaptureContainer.swift */ = {isa = PBXFileReference; lastKnownFileType = sourcecode.swift; path = RoomCaptureContainer.swift; sourceTree = "<group>"; };
		B5295C8E4FB754154E6BD91A /* ScanMinimap.swift */ = {isa = PBXFileReference; lastKnownFileType = sourcecode.swift; path = ScanMinimap.swift; sourceTree = "<group>"; };
		C4D827387048369EEAE055B7 /* FirebaseModels.swift */ = {isa = PBXFileReference; lastKnownFileType = sourcecode.swift; path = FirebaseModels.swift; sourceTree = "<group>"; };
		C5847A14C25A4071F5D257E0 /* RoomPlanVisibilityGraph.swift */ = {isa = PBXFileReference; lastKnownFileType = sourcecode.swift; path = RoomPlanVisibilityGraph.swift; sourceTree = "<group>"; };
		CBD65EB9C58042936F0E3342 /* FirebaseStoragePaths.swift */ = {isa = PBXFileReference; lastKnownFileType = sourcecode.swift; path = FirebaseStoragePaths.swift; sourceTree = "<group>"; };
		D1F5776EC864193C022D27BE /* GnarlyMapperTests.xctest */ = {isa = PBXFileReference; includeInIndex = 0; lastKnownFileType = wrapper.cfbundle; path = GnarlyMapperTests.xctest; sourceTree = BUILT_PRODUCTS_DIR; };
		D8347DA1557345E040D2FA42 /* MapperViewModel.swift */ = {isa = PBXFileReference; lastKnownFileType = sourcecode.swift; path = MapperViewModel.swift; sourceTree = "<group>"; };
		E1D7DCCD6040C6F9E98B0D2A /* ContentView.swift */ = {isa = PBXFileReference; lastKnownFileType = sourcecode.swift; path = ContentView.swift; sourceTree = "<group>"; };
		E29E88E5B04957510F7EA085 /* BuildingGraphBuilder.swift */ = {isa = PBXFileReference; lastKnownFileType = sourcecode.swift; path = BuildingGraphBuilder.swift; sourceTree = "<group>"; };
		EB6F2AC5B0FD1CB36020899F /* FirebaseDiagnosticsViewModel.swift */ = {isa = PBXFileReference; lastKnownFileType = sourcecode.swift; path = FirebaseDiagnosticsViewModel.swift; sourceTree = "<group>"; };
		EC5EFF27B6A0FC8D9A92A79D /* NavigationFileCache.swift */ = {isa = PBXFileReference; lastKnownFileType = sourcecode.swift; path = NavigationFileCache.swift; sourceTree = "<group>"; };
		F451C51052FBE715F12ADAAB /* FirebaseStoragePathsTests.swift */ = {isa = PBXFileReference; lastKnownFileType = sourcecode.swift; path = FirebaseStoragePathsTests.swift; sourceTree = "<group>"; };
		FF87955CE6DF0975E926FC70 /* FirebaseAuthSession.swift */ = {isa = PBXFileReference; lastKnownFileType = sourcecode.swift; path = FirebaseAuthSession.swift; sourceTree = "<group>"; };
/* End PBXFileReference section */

/* Begin PBXFrameworksBuildPhase section */
		02C719603914F4C7700C43C4 /* Frameworks */ = {
			isa = PBXFrameworksBuildPhase;
			buildActionMask = 2147483647;
			files = (
				6D2E9C1ADCB9B1FA07EFA596 /* FirebaseCore in Frameworks */,
				22CB87D1180DF3A6A6BE08BC /* FirebaseAuth in Frameworks */,
				CB6E7724F62CE73F33BDCB2B /* FirebaseFirestore in Frameworks */,
				E4D0995FEAC9F6DA2641D966 /* FirebaseStorage in Frameworks */,
			);
			runOnlyForDeploymentPostprocessing = 0;
		};
		EE7F0C41A41DBDA1298085E4 /* Frameworks */ = {
			isa = PBXFrameworksBuildPhase;
			buildActionMask = 2147483647;
			files = (
				1C606C80E3C3AEBEF96BB83A /* FirebaseFirestore in Frameworks */,
			);
			runOnlyForDeploymentPostprocessing = 0;
		};
/* End PBXFrameworksBuildPhase section */

/* Begin PBXGroup section */
		33AFAE1E87B2D4FCE30428B9 = {
			isa = PBXGroup;
			children = (
				4F1387E5B38DEC0928289847 /* GnarlyMapper */,
				97CF7385682922A2136DFA85 /* GnarlyMapperTests */,
				6075F2D54919E497773B8B27 /* Products */,
			);
			sourceTree = "<group>";
		};
		4F1387E5B38DEC0928289847 /* GnarlyMapper */ = {
			isa = PBXGroup;
			children = (
				E29E88E5B04957510F7EA085 /* BuildingGraphBuilder.swift */,
				E1D7DCCD6040C6F9E98B0D2A /* ContentView.swift */,
				07514BC3DC3CE1EA0ADBED80 /* GnarlyMapper.entitlements */,
				63F7D01718D08E6FAB465472 /* GnarlyMapperApp.swift */,
				08AE56EC505D125D2438FCB2 /* GoogleService-Info.plist */,
				0127B0AED13A0DCD415DE987 /* Info.plist */,
				D8347DA1557345E040D2FA42 /* MapperViewModel.swift */,
				6D440F1C28719F9733CB931B /* NavigationModels.swift */,
				1AB42D1F440436D04AB80409 /* POCPackageExporter.swift */,
				99D4B9AED6DDE3166241BB6B /* RoomCaptureContainer.swift */,
				5C1810273BDA8AF33F72C508 /* RoomPlanScanExtractor.swift */,
				A7C3E91F2B4D5E6F70819204 /* SurfaceColorCapture.swift */,
				C5847A14C25A4071F5D257E0 /* RoomPlanVisibilityGraph.swift */,
				B5295C8E4FB754154E6BD91A /* ScanMinimap.swift */,
				835CEE17A191B42BCF3DE668 /* StairZones.swift */,
				A62468E057F7EFF0F18E86F7 /* Firebase */,
			);
			path = GnarlyMapper;
			sourceTree = "<group>";
		};
		6075F2D54919E497773B8B27 /* Products */ = {
			isa = PBXGroup;
			children = (
				4055DB21B650F77F86CC0387 /* GnarlyMapper.app */,
				D1F5776EC864193C022D27BE /* GnarlyMapperTests.xctest */,
			);
			name = Products;
			sourceTree = "<group>";
		};
		97CF7385682922A2136DFA85 /* GnarlyMapperTests */ = {
			isa = PBXGroup;
			children = (
				2505E055555618BFB65FBE74 /* FirebaseModelsTests.swift */,
				F451C51052FBE715F12ADAAB /* FirebaseStoragePathsTests.swift */,
				689A113367066A5B0CBDA816 /* NavigationFileCacheTests.swift */,
			);
			path = GnarlyMapperTests;
			sourceTree = "<group>";
		};
		A62468E057F7EFF0F18E86F7 /* Firebase */ = {
			isa = PBXGroup;
			children = (
				FF87955CE6DF0975E926FC70 /* FirebaseAuthSession.swift */,
				37865E09DF2725742DB2E99E /* FirebaseBootstrap.swift */,
				1C3D4151438BA4F447447710 /* FirebaseConnectionView.swift */,
				81A30FE85C0D530BDB17A0FB /* FirebaseDataError.swift */,
				91ACB86ADB606FF64E86368B /* FirebaseDataRepository.swift */,
				EB6F2AC5B0FD1CB36020899F /* FirebaseDiagnosticsViewModel.swift */,
				C4D827387048369EEAE055B7 /* FirebaseModels.swift */,
				CBD65EB9C58042936F0E3342 /* FirebaseStoragePaths.swift */,
				EC5EFF27B6A0FC8D9A92A79D /* NavigationFileCache.swift */,
			);
			path = Firebase;
			sourceTree = "<group>";
		};
/* End PBXGroup section */

/* Begin PBXNativeTarget section */
		0106C645E108D0FA124A3102 /* GnarlyMapper */ = {
			isa = PBXNativeTarget;
			buildConfigurationList = 4337097E1E2DF5E28444C374 /* Build configuration list for PBXNativeTarget "GnarlyMapper" */;
			buildPhases = (
				96F4A866A3E8667E2FDF097D /* Sources */,
				B0DB53060BB74184DE798AB0 /* Resources */,
				02C719603914F4C7700C43C4 /* Frameworks */,
			);
			buildRules = (
			);
			dependencies = (
			);
			name = GnarlyMapper;
			packageProductDependencies = (
				1DF0A16D504843C4278D0B87 /* FirebaseCore */,
				5FDB8C71CF92983827A5636F /* FirebaseAuth */,
				0D2E5B8845E0C57FB4607372 /* FirebaseFirestore */,
				0EE55C11AA7DD4B19B0AB40B /* FirebaseStorage */,
			);
			productName = GnarlyMapper;
			productReference = 4055DB21B650F77F86CC0387 /* GnarlyMapper.app */;
			productType = "com.apple.product-type.application";
		};
		2FEF4E2F7661ED4CE792D686 /* GnarlyMapperTests */ = {
			isa = PBXNativeTarget;
			buildConfigurationList = F2E7ECA98363B781FCFFD17D /* Build configuration list for PBXNativeTarget "GnarlyMapperTests" */;
			buildPhases = (
				E5A95937A18253C53EB4778E /* Sources */,
				EE7F0C41A41DBDA1298085E4 /* Frameworks */,
			);
			buildRules = (
			);
			dependencies = (
				05C2D11C4F5971ECFD0C3B27 /* PBXTargetDependency */,
			);
			name = GnarlyMapperTests;
			packageProductDependencies = (
				3AACA028C1AF5D77E1711FCC /* FirebaseFirestore */,
			);
			productName = GnarlyMapperTests;
			productReference = D1F5776EC864193C022D27BE /* GnarlyMapperTests.xctest */;
			productType = "com.apple.product-type.bundle.unit-test";
		};
/* End PBXNativeTarget section */

/* Begin PBXProject section */
		245915831862D85D562015E6 /* Project object */ = {
			isa = PBXProject;
			attributes = {
				BuildIndependentTargetsInParallel = YES;
				LastUpgradeCheck = 1430;
				TargetAttributes = {
					0106C645E108D0FA124A3102 = {
						ProvisioningStyle = Automatic;
					};
				};
			};
			buildConfigurationList = 5CC4943C8789A91871AF823A /* Build configuration list for PBXProject "GnarlyMapper" */;
			developmentRegion = en;
			hasScannedForEncodings = 0;
			knownRegions = (
				Base,
				en,
			);
			mainGroup = 33AFAE1E87B2D4FCE30428B9;
			minimizedProjectReferenceProxies = 1;
			packageReferences = (
				CD8C5EEA65683807D493B0D4 /* XCRemoteSwiftPackageReference "firebase-ios-sdk" */,
			);
			preferredProjectObjectVersion = 77;
			productRefGroup = 6075F2D54919E497773B8B27 /* Products */;
			projectDirPath = "";
			projectRoot = "";
			targets = (
				0106C645E108D0FA124A3102 /* GnarlyMapper */,
				2FEF4E2F7661ED4CE792D686 /* GnarlyMapperTests */,
			);
		};
/* End PBXProject section */

/* Begin PBXResourcesBuildPhase section */
		B0DB53060BB74184DE798AB0 /* Resources */ = {
			isa = PBXResourcesBuildPhase;
			buildActionMask = 2147483647;
			files = (
				2D03FEE4307B9BA40AB4988C /* GoogleService-Info.plist in Resources */,
			);
			runOnlyForDeploymentPostprocessing = 0;
		};
/* End PBXResourcesBuildPhase section */

/* Begin PBXSourcesBuildPhase section */
		96F4A866A3E8667E2FDF097D /* Sources */ = {
			isa = PBXSourcesBuildPhase;
			buildActionMask = 2147483647;
			files = (
				106CF645819C590D42DEE4A4 /* BuildingGraphBuilder.swift in Sources */,
				8C6F595ECF77D1D4E37826D6 /* ContentView.swift in Sources */,
				F522136BDE4675AA61905C9D /* FirebaseAuthSession.swift in Sources */,
				73D3CA2B931E59800C8B8061 /* FirebaseBootstrap.swift in Sources */,
				6F47328752E6F8C59C253480 /* FirebaseConnectionView.swift in Sources */,
				B44AEA9378BF26AC2C9B2843 /* FirebaseDataError.swift in Sources */,
				1FB7C7FEBE7B5FB5D37601B5 /* FirebaseDataRepository.swift in Sources */,
				9F404F6AE54F7FA4C5D1C488 /* FirebaseDiagnosticsViewModel.swift in Sources */,
				20F76C467B202E5DF01189B1 /* FirebaseModels.swift in Sources */,
				F3089579CC30875CC04D23B2 /* FirebaseStoragePaths.swift in Sources */,
				F4869638EB5F3AB8662323B3 /* GnarlyMapperApp.swift in Sources */,
				94921150B67B0E6EE3FB799C /* MapperViewModel.swift in Sources */,
				77269F2C0B9A8611D868F688 /* NavigationFileCache.swift in Sources */,
				2D02A7996D451673FD6292BD /* NavigationModels.swift in Sources */,
				8102E37CD7E2FCC3E27760B6 /* POCPackageExporter.swift in Sources */,
				0A06C44105152B555E445F6F /* RoomCaptureContainer.swift in Sources */,
				541F20659AF051D63F8C34D8 /* RoomPlanScanExtractor.swift in Sources */,
				A7C3E91F2B4D5E6F70819203 /* SurfaceColorCapture.swift in Sources */,
				E5B0EE8BFADA89D82419742D /* RoomPlanVisibilityGraph.swift in Sources */,
				B94D7AD17FE8F7769BC8FE4D /* ScanMinimap.swift in Sources */,
				61770C565FA848405823A808 /* StairZones.swift in Sources */,
			);
			runOnlyForDeploymentPostprocessing = 0;
		};
		E5A95937A18253C53EB4778E /* Sources */ = {
			isa = PBXSourcesBuildPhase;
			buildActionMask = 2147483647;
			files = (
				6ED8806A7F5C62CA278780A6 /* FirebaseModelsTests.swift in Sources */,
				9546AE9215D9D2C6B3512618 /* FirebaseStoragePathsTests.swift in Sources */,
				3FECBE80805A7440F6A4C8B8 /* NavigationFileCacheTests.swift in Sources */,
			);
			runOnlyForDeploymentPostprocessing = 0;
		};
/* End PBXSourcesBuildPhase section */

/* Begin PBXTargetDependency section */
		05C2D11C4F5971ECFD0C3B27 /* PBXTargetDependency */ = {
			isa = PBXTargetDependency;
			target = 0106C645E108D0FA124A3102 /* GnarlyMapper */;
			targetProxy = 53A0AB5EB63FE07F7723F151 /* PBXContainerItemProxy */;
		};
/* End PBXTargetDependency section */

/* Begin XCBuildConfiguration section */
		6275CCA63B81FEE436C1E340 /* Release */ = {
			isa = XCBuildConfiguration;
			buildSettings = {
				BUNDLE_LOADER = "$(TEST_HOST)";
				LD_RUNPATH_SEARCH_PATHS = (
					"$(inherited)",
					"@executable_path/Frameworks",
					"@loader_path/Frameworks",
				);
				PRODUCT_BUNDLE_IDENTIFIER = com.gnarly.GnarlyMapperTests;
				SDKROOT = iphoneos;
				TARGETED_DEVICE_FAMILY = "1,2";
				TEST_HOST = "$(BUILT_PRODUCTS_DIR)/GnarlyMapper.app/GnarlyMapper";
			};
			name = Release;
		};
		831B04DF3A6BCCB69D23D7A6 /* Release */ = {
			isa = XCBuildConfiguration;
			buildSettings = {
				ALWAYS_SEARCH_USER_PATHS = NO;
				CLANG_ANALYZER_NONNULL = YES;
				CLANG_ANALYZER_NUMBER_OBJECT_CONVERSION = YES_AGGRESSIVE;
				CLANG_CXX_LANGUAGE_STANDARD = "gnu++14";
				CLANG_CXX_LIBRARY = "libc++";
				CLANG_ENABLE_MODULES = YES;
				CLANG_ENABLE_OBJC_ARC = YES;
				CLANG_ENABLE_OBJC_WEAK = YES;
				CLANG_WARN_BLOCK_CAPTURE_AUTORELEASING = YES;
				CLANG_WARN_BOOL_CONVERSION = YES;
				CLANG_WARN_COMMA = YES;
				CLANG_WARN_CONSTANT_CONVERSION = YES;
				CLANG_WARN_DEPRECATED_OBJC_IMPLEMENTATIONS = YES;
				CLANG_WARN_DIRECT_OBJC_ISA_USAGE = YES_ERROR;
				CLANG_WARN_DOCUMENTATION_COMMENTS = YES;
				CLANG_WARN_EMPTY_BODY = YES;
				CLANG_WARN_ENUM_CONVERSION = YES;
				CLANG_WARN_INFINITE_RECURSION = YES;
				CLANG_WARN_INT_CONVERSION = YES;
				CLANG_WARN_NON_LITERAL_NULL_CONVERSION = YES;
				CLANG_WARN_OBJC_IMPLICIT_RETAIN_SELF = YES;
				CLANG_WARN_OBJC_LITERAL_CONVERSION = YES;
				CLANG_WARN_OBJC_ROOT_CLASS = YES_ERROR;
				CLANG_WARN_QUOTED_INCLUDE_IN_FRAMEWORK_HEADER = YES;
				CLANG_WARN_RANGE_LOOP_ANALYSIS = YES;
				CLANG_WARN_STRICT_PROTOTYPES = YES;
				CLANG_WARN_SUSPICIOUS_MOVE = YES;
				CLANG_WARN_UNGUARDED_AVAILABILITY = YES_AGGRESSIVE;
				CLANG_WARN_UNREACHABLE_CODE = YES;
				CLANG_WARN__DUPLICATE_METHOD_MATCH = YES;
				COPY_PHASE_STRIP = NO;
				DEBUG_INFORMATION_FORMAT = "dwarf-with-dsym";
				ENABLE_NS_ASSERTIONS = NO;
				ENABLE_STRICT_OBJC_MSGSEND = YES;
				GCC_C_LANGUAGE_STANDARD = gnu11;
				GCC_NO_COMMON_BLOCKS = YES;
				GCC_WARN_64_TO_32_BIT_CONVERSION = YES;
				GCC_WARN_ABOUT_RETURN_TYPE = YES_ERROR;
				GCC_WARN_UNDECLARED_SELECTOR = YES;
				GCC_WARN_UNINITIALIZED_AUTOS = YES_AGGRESSIVE;
				GCC_WARN_UNUSED_FUNCTION = YES;
				GCC_WARN_UNUSED_VARIABLE = YES;
				IPHONEOS_DEPLOYMENT_TARGET = 17.0;
				MTL_ENABLE_DEBUG_INFO = NO;
				MTL_FAST_MATH = YES;
				PRODUCT_NAME = "$(TARGET_NAME)";
				SDKROOT = iphoneos;
				SWIFT_COMPILATION_MODE = wholemodule;
				SWIFT_OPTIMIZATION_LEVEL = "-O";
				SWIFT_VERSION = 5.0;
			};
			name = Release;
		};
		93BCAB9628ECE7C1076BC030 /* Debug */ = {
			isa = XCBuildConfiguration;
			buildSettings = {
				BUNDLE_LOADER = "$(TEST_HOST)";
				LD_RUNPATH_SEARCH_PATHS = (
					"$(inherited)",
					"@executable_path/Frameworks",
					"@loader_path/Frameworks",
				);
				PRODUCT_BUNDLE_IDENTIFIER = com.gnarly.GnarlyMapperTests;
				SDKROOT = iphoneos;
				TARGETED_DEVICE_FAMILY = "1,2";
				TEST_HOST = "$(BUILT_PRODUCTS_DIR)/GnarlyMapper.app/GnarlyMapper";
			};
			name = Debug;
		};
		94AFC42979660FE9440416EC /* Release */ = {
			isa = XCBuildConfiguration;
			buildSettings = {
				ASSETCATALOG_COMPILER_APPICON_NAME = AppIcon;
				CODE_SIGN_ENTITLEMENTS = GnarlyMapper/GnarlyMapper.entitlements;
				CODE_SIGN_IDENTITY = "iPhone Developer";
				CODE_SIGN_STYLE = Automatic;
				DEVELOPMENT_TEAM = YVPR732M4U;
				INFOPLIST_FILE = GnarlyMapper/Info.plist;
				LD_RUNPATH_SEARCH_PATHS = (
					"$(inherited)",
					"@executable_path/Frameworks",
				);
				PRODUCT_BUNDLE_IDENTIFIER = com.grantlin.gnarly.mapper;
				SDKROOT = iphoneos;
				SWIFT_VERSION = 5.0;
				TARGETED_DEVICE_FAMILY = 1;
			};
			name = Release;
		};
		95E7EE48A5FA2EB0277D8221 /* Debug */ = {
			isa = XCBuildConfiguration;
			buildSettings = {
				ALWAYS_SEARCH_USER_PATHS = NO;
				CLANG_ANALYZER_NONNULL = YES;
				CLANG_ANALYZER_NUMBER_OBJECT_CONVERSION = YES_AGGRESSIVE;
				CLANG_CXX_LANGUAGE_STANDARD = "gnu++14";
				CLANG_CXX_LIBRARY = "libc++";
				CLANG_ENABLE_MODULES = YES;
				CLANG_ENABLE_OBJC_ARC = YES;
				CLANG_ENABLE_OBJC_WEAK = YES;
				CLANG_WARN_BLOCK_CAPTURE_AUTORELEASING = YES;
				CLANG_WARN_BOOL_CONVERSION = YES;
				CLANG_WARN_COMMA = YES;
				CLANG_WARN_CONSTANT_CONVERSION = YES;
				CLANG_WARN_DEPRECATED_OBJC_IMPLEMENTATIONS = YES;
				CLANG_WARN_DIRECT_OBJC_ISA_USAGE = YES_ERROR;
				CLANG_WARN_DOCUMENTATION_COMMENTS = YES;
				CLANG_WARN_EMPTY_BODY = YES;
				CLANG_WARN_ENUM_CONVERSION = YES;
				CLANG_WARN_INFINITE_RECURSION = YES;
				CLANG_WARN_INT_CONVERSION = YES;
				CLANG_WARN_NON_LITERAL_NULL_CONVERSION = YES;
				CLANG_WARN_OBJC_IMPLICIT_RETAIN_SELF = YES;
				CLANG_WARN_OBJC_LITERAL_CONVERSION = YES;
				CLANG_WARN_OBJC_ROOT_CLASS = YES_ERROR;
				CLANG_WARN_QUOTED_INCLUDE_IN_FRAMEWORK_HEADER = YES;
				CLANG_WARN_RANGE_LOOP_ANALYSIS = YES;
				CLANG_WARN_STRICT_PROTOTYPES = YES;
				CLANG_WARN_SUSPICIOUS_MOVE = YES;
				CLANG_WARN_UNGUARDED_AVAILABILITY = YES_AGGRESSIVE;
				CLANG_WARN_UNREACHABLE_CODE = YES;
				CLANG_WARN__DUPLICATE_METHOD_MATCH = YES;
				COPY_PHASE_STRIP = NO;
				DEBUG_INFORMATION_FORMAT = dwarf;
				ENABLE_STRICT_OBJC_MSGSEND = YES;
				ENABLE_TESTABILITY = YES;
				GCC_C_LANGUAGE_STANDARD = gnu11;
				GCC_DYNAMIC_NO_PIC = NO;
				GCC_NO_COMMON_BLOCKS = YES;
				GCC_OPTIMIZATION_LEVEL = 0;
				GCC_PREPROCESSOR_DEFINITIONS = (
					"$(inherited)",
					"DEBUG=1",
				);
				GCC_WARN_64_TO_32_BIT_CONVERSION = YES;
				GCC_WARN_ABOUT_RETURN_TYPE = YES_ERROR;
				GCC_WARN_UNDECLARED_SELECTOR = YES;
				GCC_WARN_UNINITIALIZED_AUTOS = YES_AGGRESSIVE;
				GCC_WARN_UNUSED_FUNCTION = YES;
				GCC_WARN_UNUSED_VARIABLE = YES;
				IPHONEOS_DEPLOYMENT_TARGET = 17.0;
				MTL_ENABLE_DEBUG_INFO = INCLUDE_SOURCE;
				MTL_FAST_MATH = YES;
				ONLY_ACTIVE_ARCH = YES;
				PRODUCT_NAME = "$(TARGET_NAME)";
				SDKROOT = iphoneos;
				SWIFT_ACTIVE_COMPILATION_CONDITIONS = DEBUG;
				SWIFT_OPTIMIZATION_LEVEL = "-Onone";
				SWIFT_VERSION = 5.0;
			};
			name = Debug;
		};
		EFBAE5C58E3693B8CAC24A09 /* Debug */ = {
			isa = XCBuildConfiguration;
			buildSettings = {
				ASSETCATALOG_COMPILER_APPICON_NAME = AppIcon;
				CODE_SIGN_ENTITLEMENTS = GnarlyMapper/GnarlyMapper.entitlements;
				CODE_SIGN_IDENTITY = "iPhone Developer";
				CODE_SIGN_STYLE = Automatic;
				DEVELOPMENT_TEAM = YVPR732M4U;
				INFOPLIST_FILE = GnarlyMapper/Info.plist;
				LD_RUNPATH_SEARCH_PATHS = (
					"$(inherited)",
					"@executable_path/Frameworks",
				);
				PRODUCT_BUNDLE_IDENTIFIER = com.grantlin.gnarly.mapper;
				SDKROOT = iphoneos;
				SWIFT_VERSION = 5.0;
				TARGETED_DEVICE_FAMILY = 1;
			};
			name = Debug;
		};
/* End XCBuildConfiguration section */

/* Begin XCConfigurationList section */
		4337097E1E2DF5E28444C374 /* Build configuration list for PBXNativeTarget "GnarlyMapper" */ = {
			isa = XCConfigurationList;
			buildConfigurations = (
				EFBAE5C58E3693B8CAC24A09 /* Debug */,
				94AFC42979660FE9440416EC /* Release */,
			);
			defaultConfigurationIsVisible = 0;
			defaultConfigurationName = Debug;
		};
		5CC4943C8789A91871AF823A /* Build configuration list for PBXProject "GnarlyMapper" */ = {
			isa = XCConfigurationList;
			buildConfigurations = (
				95E7EE48A5FA2EB0277D8221 /* Debug */,
				831B04DF3A6BCCB69D23D7A6 /* Release */,
			);
			defaultConfigurationIsVisible = 0;
			defaultConfigurationName = Debug;
		};
		F2E7ECA98363B781FCFFD17D /* Build configuration list for PBXNativeTarget "GnarlyMapperTests" */ = {
			isa = XCConfigurationList;
			buildConfigurations = (
				93BCAB9628ECE7C1076BC030 /* Debug */,
				6275CCA63B81FEE436C1E340 /* Release */,
			);
			defaultConfigurationIsVisible = 0;
			defaultConfigurationName = Debug;
		};
/* End XCConfigurationList section */

/* Begin XCRemoteSwiftPackageReference section */
		CD8C5EEA65683807D493B0D4 /* XCRemoteSwiftPackageReference "firebase-ios-sdk" */ = {
			isa = XCRemoteSwiftPackageReference;
			repositoryURL = "https://github.com/firebase/firebase-ios-sdk.git";
			requirement = {
				kind = upToNextMajorVersion;
				minimumVersion = 12.19.2;
			};
		};
/* End XCRemoteSwiftPackageReference section */

/* Begin XCSwiftPackageProductDependency section */
		0D2E5B8845E0C57FB4607372 /* FirebaseFirestore */ = {
			isa = XCSwiftPackageProductDependency;
			package = CD8C5EEA65683807D493B0D4 /* XCRemoteSwiftPackageReference "firebase-ios-sdk" */;
			productName = FirebaseFirestore;
		};
		0EE55C11AA7DD4B19B0AB40B /* FirebaseStorage */ = {
			isa = XCSwiftPackageProductDependency;
			package = CD8C5EEA65683807D493B0D4 /* XCRemoteSwiftPackageReference "firebase-ios-sdk" */;
			productName = FirebaseStorage;
		};
		1DF0A16D504843C4278D0B87 /* FirebaseCore */ = {
			isa = XCSwiftPackageProductDependency;
			package = CD8C5EEA65683807D493B0D4 /* XCRemoteSwiftPackageReference "firebase-ios-sdk" */;
			productName = FirebaseCore;
		};
		3AACA028C1AF5D77E1711FCC /* FirebaseFirestore */ = {
			isa = XCSwiftPackageProductDependency;
			package = CD8C5EEA65683807D493B0D4 /* XCRemoteSwiftPackageReference "firebase-ios-sdk" */;
			productName = FirebaseFirestore;
		};
		5FDB8C71CF92983827A5636F /* FirebaseAuth */ = {
			isa = XCSwiftPackageProductDependency;
			package = CD8C5EEA65683807D493B0D4 /* XCRemoteSwiftPackageReference "firebase-ios-sdk" */;
			productName = FirebaseAuth;
		};
/* End XCSwiftPackageProductDependency section */
	};
	rootObject = 245915831862D85D562015E6 /* Project object */;
}
